
Microsoft Visual Studio Solution File, Format Version 12.00
# Visual Studio Version 17
VisualStudioVersion = 17.14.36310.24 d17.14
MinimumVisualStudioVersion = 10.0.40219.1
Project("{FAE04EC0-301F-11D3-BF4B-00C04F79EFBC}") = "sortingarray", "sortingarray\sortingarray.csproj", "{C3A0C1CE-0D94-45EA-ACA2-67F7448AB461}"
EndProject
Global
	GlobalSection(SolutionConfigurationPlatforms) = preSolution
		Debug|Any CPU = Debug|Any CPU
		Release|Any CPU = Release|Any CPU
	EndGlobalSection
	GlobalSection(ProjectConfigurationPlatforms) = postSolution
		{C3A0C1CE-0D94-45EA-ACA2-67F7448AB461}.Debug|Any CPU.ActiveCfg = Debug|Any CPU
		{C3A0C1CE-0D94-45EA-ACA2-67F7448AB461}.Debug|Any CPU.Build.0 = Debug|Any CPU
		{C3A0C1CE-0D94-45EA-ACA2-67F7448AB461}.Release|Any CPU.ActiveCfg = Release|Any CPU
		{C3A0C1CE-0D94-45EA-ACA2-67F7448AB461}.Release|Any CPU.Build.0 = Release|Any CPU
	EndGlobalSection
	GlobalSection(SolutionProperties) = preSolution
		HideSolutionNode = FALSE
	EndGlobalSection
	GlobalSection(ExtensibilityGlobals) = postSolution
		SolutionGuid = {982AE669-547B-4C82-9441-B9E872513DF9}
	EndGlobalSection
EndGlobal
